
Microsoft Visual Studio Solution File, Format Version 12.00
# Visual Studio 2013
VisualStudioVersion = 12.0.31101.0
MinimumVisualStudioVersion = 10.0.40219.1
Project("{FAE04EC0-301F-11D3-BF4B-00C04F79EFBC}") = "KultuPRO", "KultuPRO\KultuPRO.csproj", "{935E3AD7-B025-4DBC-9DDF-F0A67E11CFEB}"
EndProject
Project("{2150E333-8FDC-42A3-9474-1A3956D46DE8}") = ".nuget", ".nuget", "{7686838B-8190-468F-98EB-D562C72B475C}"
	ProjectSection(SolutionItems) = preProject
		.nuget\NuGet.Config = .nuget\NuGet.Config
		.nuget\NuGet.exe = .nuget\NuGet.exe
		.nuget\NuGet.targets = .nuget\NuGet.targets
	EndProjectSection
EndProject
Project("{FAE04EC0-301F-11D3-BF4B-00C04F79EFBC}") = "Database", "Database\Database.csproj", "{9244755C-D312-45B3-8831-A6AC0A7314FC}"
EndProject
Project("{6141683F-8A12-4E36-9623-2EB02B2C2303}") = "Setup1", "Setup1\Setup1.isproj", "{660C4A50-678D-450A-AC32-E33F4BBB0730}"
	ProjectSection(ProjectDependencies) = postProject
		{9244755C-D312-45B3-8831-A6AC0A7314FC} = {9244755C-D312-45B3-8831-A6AC0A7314FC}
		{935E3AD7-B025-4DBC-9DDF-F0A67E11CFEB} = {935E3AD7-B025-4DBC-9DDF-F0A67E11CFEB}
	EndProjectSection
EndProject
Global
	GlobalSection(SolutionConfigurationPlatforms) = preSolution
		CD_ROM|Any CPU = CD_ROM|Any CPU
		Debug|Any CPU = Debug|Any CPU
		DVD-5|Any CPU = DVD-5|Any CPU
		Release|Any CPU = Release|Any CPU
		SingleImage|Any CPU = SingleImage|Any CPU
	EndGlobalSection
	GlobalSection(ProjectConfigurationPlatforms) = postSolution
		{935E3AD7-B025-4DBC-9DDF-F0A67E11CFEB}.CD_ROM|Any CPU.ActiveCfg = Release|Any CPU
		{935E3AD7-B025-4DBC-9DDF-F0A67E11CFEB}.CD_ROM|Any CPU.Build.0 = Release|Any CPU
		{935E3AD7-B025-4DBC-9DDF-F0A67E11CFEB}.Debug|Any CPU.ActiveCfg = Debug|Any CPU
		{935E3AD7-B025-4DBC-9DDF-F0A67E11CFEB}.Debug|Any CPU.Build.0 = Debug|Any CPU
		{935E3AD7-B025-4DBC-9DDF-F0A67E11CFEB}.DVD-5|Any CPU.ActiveCfg = Debug|Any CPU
		{935E3AD7-B025-4DBC-9DDF-F0A67E11CFEB}.DVD-5|Any CPU.Build.0 = Debug|Any CPU
		{935E3AD7-B025-4DBC-9DDF-F0A67E11CFEB}.Release|Any CPU.ActiveCfg = Release|Any CPU
		{935E3AD7-B025-4DBC-9DDF-F0A67E11CFEB}.Release|Any CPU.Build.0 = Release|Any CPU
		{935E3AD7-B025-4DBC-9DDF-F0A67E11CFEB}.SingleImage|Any CPU.ActiveCfg = Release|Any CPU
		{935E3AD7-B025-4DBC-9DDF-F0A67E11CFEB}.SingleImage|Any CPU.Build.0 = Release|Any CPU
		{9244755C-D312-45B3-8831-A6AC0A7314FC}.CD_ROM|Any CPU.ActiveCfg = Release|Any CPU
		{9244755C-D312-45B3-8831-A6AC0A7314FC}.CD_ROM|Any CPU.Build.0 = Release|Any CPU
		{9244755C-D312-45B3-8831-A6AC0A7314FC}.Debug|Any CPU.ActiveCfg = Debug|Any CPU
		{9244755C-D312-45B3-8831-A6AC0A7314FC}.Debug|Any CPU.Build.0 = Debug|Any CPU
		{9244755C-D312-45B3-8831-A6AC0A7314FC}.DVD-5|Any CPU.ActiveCfg = Debug|Any CPU
		{9244755C-D312-45B3-8831-A6AC0A7314FC}.DVD-5|Any CPU.Build.0 = Debug|Any CPU
		{9244755C-D312-45B3-8831-A6AC0A7314FC}.Release|Any CPU.ActiveCfg = Release|Any CPU
		{9244755C-D312-45B3-8831-A6AC0A7314FC}.Release|Any CPU.Build.0 = Release|Any CPU
		{9244755C-D312-45B3-8831-A6AC0A7314FC}.SingleImage|Any CPU.ActiveCfg = Release|Any CPU
		{9244755C-D312-45B3-8831-A6AC0A7314FC}.SingleImage|Any CPU.Build.0 = Release|Any CPU
		{660C4A50-678D-450A-AC32-E33F4BBB0730}.CD_ROM|Any CPU.ActiveCfg = CD_ROM
		{660C4A50-678D-450A-AC32-E33F4BBB0730}.CD_ROM|Any CPU.Build.0 = CD_ROM
		{660C4A50-678D-450A-AC32-E33F4BBB0730}.Debug|Any CPU.ActiveCfg = DVD-5
		{660C4A50-678D-450A-AC32-E33F4BBB0730}.Debug|Any CPU.Build.0 = DVD-5
		{660C4A50-678D-450A-AC32-E33F4BBB0730}.DVD-5|Any CPU.ActiveCfg = DVD-5
		{660C4A50-678D-450A-AC32-E33F4BBB0730}.DVD-5|Any CPU.Build.0 = DVD-5
		{660C4A50-678D-450A-AC32-E33F4BBB0730}.Release|Any CPU.ActiveCfg = SingleImage
		{660C4A50-678D-450A-AC32-E33F4BBB0730}.Release|Any CPU.Build.0 = SingleImage
		{660C4A50-678D-450A-AC32-E33F4BBB0730}.SingleImage|Any CPU.ActiveCfg = SingleImage
		{660C4A50-678D-450A-AC32-E33F4BBB0730}.SingleImage|Any CPU.Build.0 = SingleImage
	EndGlobalSection
	GlobalSection(SolutionProperties) = preSolution
		HideSolutionNode = FALSE
	EndGlobalSection
EndGlobal
